
Microsoft Visual Studio Solution File, Format Version 12.00
# Visual Studio 15
VisualStudioVersion = 15.0.28010.2041
MinimumVisualStudioVersion = 10.0.40219.1
Project("{FAE04EC0-301F-11D3-BF4B-00C04F79EFBC}") = "QL_Sim", "QL_Sim\QL_Sim.csproj", "{AC7BCD9E-67FE-409B-B72C-83719FE7095F}"
EndProject
Global
	GlobalSection(SolutionConfigurationPlatforms) = preSolution
		Debug|Any CPU = Debug|Any CPU
		Release|Any CPU = Release|Any CPU
	EndGlobalSection
	GlobalSection(ProjectConfigurationPlatforms) = postSolution
		{AC7BCD9E-67FE-409B-B72C-83719FE7095F}.Debug|Any CPU.ActiveCfg = Debug|Any CPU
		{AC7BCD9E-67FE-409B-B72C-83719FE7095F}.Debug|Any CPU.Build.0 = Debug|Any CPU
		{AC7BCD9E-67FE-409B-B72C-83719FE7095F}.Release|Any CPU.ActiveCfg = Release|Any CPU
		{AC7BCD9E-67FE-409B-B72C-83719FE7095F}.Release|Any CPU.Build.0 = Release|Any CPU
	EndGlobalSection
	GlobalSection(SolutionProperties) = preSolution
		HideSolutionNode = FALSE
	EndGlobalSection
	GlobalSection(ExtensibilityGlobals) = postSolution
		SolutionGuid = {C4095E0A-2968-45A3-BE1A-9FF2E4DC993E}
	EndGlobalSection
EndGlobal
